{
  "originHash" : "da7b609cc69ce09ff25efecc20b25b5821660ac817415daef89e143fce5bf23b",
  "pins" : [
    {
      "identity" : "swift-argument-parser",
      "kind" : "remoteSourceControl",
      "location" : "https://github.com/apple/swift-argument-parser",
      "state" : {
        "revision" : "41982a3656a71c768319979febd796c6fd111d5c",
        "version" : "1.5.0"
      }
    },
    {
      "identity" : "swift-io",
      "kind" : "remoteSourceControl",
      "location" : "https://github.com/tayloraswift/swift-io",
      "state" : {
        "branch" : "master",
        "revision" : "35a37451d6a58fcee70e57c566f3ae3653b65154"
      }
    },
    {
      "identity" : "swift-system",
      "kind" : "remoteSourceControl",
      "location" : "https://github.com/apple/swift-system",
      "state" : {
        "revision" : "c8a44d836fe7913603e246acab7c528c2e780168",
        "version" : "1.4.0"
      }
    },
    {
      "identity" : "wasmtransformer",
      "kind" : "remoteSourceControl",
      "location" : "https://github.com/swiftwasm/WasmTransformer",
      "state" : {
        "revision" : "d04b31f61b6f528a9a96ebfe4fa4275e333eba82",
        "version" : "0.5.0"
      }
    }
  ],
  "version" : 3
}
